
Microsoft Visual Studio Solution File, Format Version 12.00
# Visual Studio Version 17
VisualStudioVersion = 17.12.35527.113 d17.12
MinimumVisualStudioVersion = 10.0.40219.1
Project("{FAE04EC0-301F-11D3-BF4B-00C04F79EFBC}") = "API", "API.csproj", "{09163DF3-0B4A-4974-8381-98B797913300}"
EndProject
Global
	GlobalSection(SolutionConfigurationPlatforms) = preSolution
		Debug|Any CPU = Debug|Any CPU
		Release|Any CPU = Release|Any CPU
	EndGlobalSection
	GlobalSection(ProjectConfigurationPlatforms) = postSolution
		{09163DF3-0B4A-4974-8381-98B797913300}.Debug|Any CPU.ActiveCfg = Debug|Any CPU
		{09163DF3-0B4A-4974-8381-98B797913300}.Debug|Any CPU.Build.0 = Debug|Any CPU
		{09163DF3-0B4A-4974-8381-98B797913300}.Release|Any CPU.ActiveCfg = Release|Any CPU
		{09163DF3-0B4A-4974-8381-98B797913300}.Release|Any CPU.Build.0 = Release|Any CPU
	EndGlobalSection
	GlobalSection(SolutionProperties) = preSolution
		HideSolutionNode = FALSE
	EndGlobalSection
EndGlobal
